// !$*UTF8*$!
{
	archiveVersion = 1;
	classes = {
	};
	objectVersion = 77;
	objects = {

/* Begin PBXContainerItemProxy section */
		D5A4F5F02DFA02A200974FF8 /* PBXContainerItemProxy */ = {
			isa = PBXContainerItemProxy;
			containerPortal = D5A4F5D52DFA02A100974FF8 /* Project object */;
			proxyType = 1;
			remoteGlobalIDString = D5A4F5DC2DFA02A100974FF8;
			remoteInfo = DoggoGallery;
		};
		D5A4F5FA2DFA02A200974FF8 /* PBXContainerItemProxy */ = {
			isa = PBXContainerItemProxy;
			containerPortal = D5A4F5D52DFA02A100974FF8 /* Project object */;
			proxyType = 1;
			remoteGlobalIDString = D5A4F5DC2DFA02A100974FF8;
			remoteInfo = DoggoGallery;
		};
/* End PBXContainerItemProxy section */

/* Begin PBXFileReference section */
		D5A4F5DD2DFA02A100974FF8 /* DoggoGallery.app */ = {isa = PBXFileReference; explicitFileType = wrapper.application; includeInIndex = 0; path = DoggoGallery.app; sourceTree = BUILT_PRODUCTS_DIR; };
		D5A4F5EF2DFA02A200974FF8 /* DoggoGalleryTests.xctest */ = {isa = PBXFileReference; explicitFileType = wrapper.cfbundle; includeInIndex = 0; path = DoggoGalleryTests.xctest; sourceTree = BUILT_PRODUCTS_DIR; };
		D5A4F5F92DFA02A200974FF8 /* DoggoGalleryUITests.xctest */ = {isa = PBXFileReference; explicitFileType = wrapper.cfbundle; includeInIndex = 0; path = DoggoGalleryUITests.xctest; sourceTree = BUILT_PRODUCTS_DIR; };
/* End PBXFileReference section */

/* Begin PBXFileSystemSynchronizedBuildFileExceptionSet section */
		D5A4F61C2DFA063500974FF8 /* Exceptions for "DoggoGallery" folder in "DoggoGallery" target */ = {
			isa = PBXFileSystemSynchronizedBuildFileExceptionSet;
			membershipExceptions = (
				Tests/DoggoGalleryTests/DoggoGalleryTests.swift,
				Tests/DoggoGalleryUITests/DoggoGalleryUITests.swift,
				Tests/DoggoGalleryUITests/DoggoGalleryUITestsLaunchTests.swift,
			);
			target = D5A4F5DC2DFA02A100974FF8 /* DoggoGallery */;
		};
		D5A4F61D2DFA063500974FF8 /* Exceptions for "DoggoGallery" folder in "DoggoGalleryTests" target */ = {
			isa = PBXFileSystemSynchronizedBuildFileExceptionSet;
			membershipExceptions = (
				Tests/DoggoGalleryTests/DoggoGalleryTests.swift,
			);
			target = D5A4F5EE2DFA02A200974FF8 /* DoggoGalleryTests */;
		};
		D5A4F61E2DFA063500974FF8 /* Exceptions for "DoggoGallery" folder in "DoggoGalleryUITests" target */ = {
			isa = PBXFileSystemSynchronizedBuildFileExceptionSet;
			membershipExceptions = (
				Tests/DoggoGalleryUITests/DoggoGalleryUITests.swift,
				Tests/DoggoGalleryUITests/DoggoGalleryUITestsLaunchTests.swift,
			);
			target = D5A4F5F82DFA02A200974FF8 /* DoggoGalleryUITests */;
		};
/* End PBXFileSystemSynchronizedBuildFileExceptionSet section */

/* Begin PBXFileSystemSynchronizedRootGroup section */
		D5A4F5DF2DFA02A100974FF8 /* DoggoGallery */ = {
			isa = PBXFileSystemSynchronizedRootGroup;
			exceptions = (
				D5A4F61C2DFA063500974FF8 /* Exceptions for "DoggoGallery" folder in "DoggoGallery" target */,
				D5A4F61D2DFA063500974FF8 /* Exceptions for "DoggoGallery" folder in "DoggoGalleryTests" target */,
				D5A4F61E2DFA063500974FF8 /* Exceptions for "DoggoGallery" folder in "DoggoGalleryUITests" target */,
			);
			path = DoggoGallery;
			sourceTree = "<group>";
		};
/* End PBXFileSystemSynchronizedRootGroup section */

/* Begin PBXFrameworksBuildPhase section */
		D5A4F5DA2DFA02A100974FF8 /* Frameworks */ = {
			isa = PBXFrameworksBuildPhase;
			buildActionMask = 2147483647;
			files = (
			);
			runOnlyForDeploymentPostprocessing = 0;
		};
		D5A4F5EC2DFA02A200974FF8 /* Frameworks */ = {
			isa = PBXFrameworksBuildPhase;
			buildActionMask = 2147483647;
			files = (
			);
			runOnlyForDeploymentPostprocessing = 0;
		};
		D5A4F5F62DFA02A200974FF8 /* Frameworks */ = {
			isa = PBXFrameworksBuildPhase;
			buildActionMask = 2147483647;
			files = (
			);
			runOnlyForDeploymentPostprocessing = 0;
		};
/* End PBXFrameworksBuildPhase section */

/* Begin PBXGroup section */
		D5A4F5D42DFA02A100974FF8 = {
			isa = PBXGroup;
			children = (
				D5A4F5DF2DFA02A100974FF8 /* DoggoGallery */,
				D5A4F5DE2DFA02A100974FF8 /* Products */,
			);
			sourceTree = "<group>";
		};
		D5A4F5DE2DFA02A100974FF8 /* Products */ = {
			isa = PBXGroup;
			children = (
				D5A4F5DD2DFA02A100974FF8 /* DoggoGallery.app */,
				D5A4F5EF2DFA02A200974FF8 /* DoggoGalleryTests.xctest */,
				D5A4F5F92DFA02A200974FF8 /* DoggoGalleryUITests.xctest */,
			);
			name = Products;
			sourceTree = "<group>";
		};
/* End PBXGroup section */

/* Begin PBXNativeTarget section */
		D5A4F5DC2DFA02A100974FF8 /* DoggoGallery */ = {
			isa = PBXNativeTarget;
			buildConfigurationList = D5A4F6032DFA02A200974FF8 /* Build configuration list for PBXNativeTarget "DoggoGallery" */;
			buildPhases = (
				D5A4F5D92DFA02A100974FF8 /* Sources */,
				D5A4F5DA2DFA02A100974FF8 /* Frameworks */,
				D5A4F5DB2DFA02A100974FF8 /* Resources */,
			);
			buildRules = (
			);
			dependencies = (
			);
			fileSystemSynchronizedGroups = (
				D5A4F5DF2DFA02A100974FF8 /* DoggoGallery */,
			);
			name = DoggoGallery;
			packageProductDependencies = (
			);
			productName = DoggoGallery;
			productReference = D5A4F5DD2DFA02A100974FF8 /* DoggoGallery.app */;
			productType = "com.apple.product-type.application";
		};
		D5A4F5EE2DFA02A200974FF8 /* DoggoGalleryTests */ = {
			isa = PBXNativeTarget;
			buildConfigurationList = D5A4F6062DFA02A200974FF8 /* Build configuration list for PBXNativeTarget "DoggoGalleryTests" */;
			buildPhases = (
				D5A4F5EB2DFA02A200974FF8 /* Sources */,
				D5A4F5EC2DFA02A200974FF8 /* Frameworks */,
				D5A4F5ED2DFA02A200974FF8 /* Resources */,
			);
			buildRules = (
			);
			dependencies = (
				D5A4F5F12DFA02A200974FF8 /* PBXTargetDependency */,
			);
			name = DoggoGalleryTests;
			packageProductDependencies = (
			);
			productName = DoggoGalleryTests;
			productReference = D5A4F5EF2DFA02A200974FF8 /* DoggoGalleryTests.xctest */;
			productType = "com.apple.product-type.bundle.unit-test";
		};
		D5A4F5F82DFA02A200974FF8 /* DoggoGalleryUITests */ = {
			isa = PBXNativeTarget;
			buildConfigurationList = D5A4F6092DFA02A200974FF8 /* Build configuration list for PBXNativeTarget "DoggoGalleryUITests" */;
			buildPhases = (
				D5A4F5F52DFA02A200974FF8 /* Sources */,
				D5A4F5F62DFA02A200974FF8 /* Frameworks */,
				D5A4F5F72DFA02A200974FF8 /* Resources */,
			);
			buildRules = (
			);
			dependencies = (
				D5A4F5FB2DFA02A200974FF8 /* PBXTargetDependency */,
			);
			name = DoggoGalleryUITests;
			packageProductDependencies = (
			);
			productName = DoggoGalleryUITests;
			productReference = D5A4F5F92DFA02A200974FF8 /* DoggoGalleryUITests.xctest */;
			productType = "com.apple.product-type.bundle.ui-testing";
		};
/* End PBXNativeTarget section */

/* Begin PBXProject section */
		D5A4F5D52DFA02A100974FF8 /* Project object */ = {
			isa = PBXProject;
			attributes = {
				BuildIndependentTargetsInParallel = 1;
				LastSwiftUpdateCheck = 1640;
				LastUpgradeCheck = 1640;
				TargetAttributes = {
					D5A4F5DC2DFA02A100974FF8 = {
						CreatedOnToolsVersion = 16.4;
					};
					D5A4F5EE2DFA02A200974FF8 = {
						CreatedOnToolsVersion = 16.4;
						TestTargetID = D5A4F5DC2DFA02A100974FF8;
					};
					D5A4F5F82DFA02A200974FF8 = {
						CreatedOnToolsVersion = 16.4;
						TestTargetID = D5A4F5DC2DFA02A100974FF8;
					};
				};
			};
			buildConfigurationList = D5A4F5D82DFA02A100974FF8 /* Build configuration list for PBXProject "DoggoGallery" */;
			developmentRegion = en;
			hasScannedForEncodings = 0;
			knownRegions = (
				en,
				Base,
			);
			mainGroup = D5A4F5D42DFA02A100974FF8;
			minimizedProjectReferenceProxies = 1;
			preferredProjectObjectVersion = 77;
			productRefGroup = D5A4F5DE2DFA02A100974FF8 /* Products */;
			projectDirPath = "";
			projectRoot = "";
			targets = (
				D5A4F5DC2DFA02A100974FF8 /* DoggoGallery */,
				D5A4F5EE2DFA02A200974FF8 /* DoggoGalleryTests */,
				D5A4F5F82DFA02A200974FF8 /* DoggoGalleryUITests */,
			);
		};
/* End PBXProject section */

/* Begin PBXResourcesBuildPhase section */
		D5A4F5DB2DFA02A100974FF8 /* Resources */ = {
			isa = PBXResourcesBuildPhase;
			buildActionMask = 2147483647;
			files = (
			);
			runOnlyForDeploymentPostprocessing = 0;
		};
		D5A4F5ED2DFA02A200974FF8 /* Resources */ = {
			isa = PBXResourcesBuildPhase;
			buildActionMask = 2147483647;
			files = (
			);
			runOnlyForDeploymentPostprocessing = 0;
		};
		D5A4F5F72DFA02A200974FF8 /* Resources */ = {
			isa = PBXResourcesBuildPhase;
			buildActionMask = 2147483647;
			files = (
			);
			runOnlyForDeploymentPostprocessing = 0;
		};
/* End PBXResourcesBuildPhase section */

/* Begin PBXSourcesBuildPhase section */
		D5A4F5D92DFA02A100974FF8 /* Sources */ = {
			isa = PBXSourcesBuildPhase;
			buildActionMask = 2147483647;
			files = (
			);
			runOnlyForDeploymentPostprocessing = 0;
		};
		D5A4F5EB2DFA02A200974FF8 /* Sources */ = {
			isa = PBXSourcesBuildPhase;
			buildActionMask = 2147483647;
			files = (
			);
			runOnlyForDeploymentPostprocessing = 0;
		};
		D5A4F5F52DFA02A200974FF8 /* Sources */ = {
			isa = PBXSourcesBuildPhase;
			buildActionMask = 2147483647;
			files = (
			);
			runOnlyForDeploymentPostprocessing = 0;
		};
/* End PBXSourcesBuildPhase section */

/* Begin PBXTargetDependency section */
		D5A4F5F12DFA02A200974FF8 /* PBXTargetDependency */ = {
			isa = PBXTargetDependency;
			target = D5A4F5DC2DFA02A100974FF8 /* DoggoGallery */;
			targetProxy = D5A4F5F02DFA02A200974FF8 /* PBXContainerItemProxy */;
		};
		D5A4F5FB2DFA02A200974FF8 /* PBXTargetDependency */ = {
			isa = PBXTargetDependency;
			target = D5A4F5DC2DFA02A100974FF8 /* DoggoGallery */;
			targetProxy = D5A4F5FA2DFA02A200974FF8 /* PBXContainerItemProxy */;
		};
/* End PBXTargetDependency section */

/* Begin XCBuildConfiguration section */
		D5A4F6012DFA02A200974FF8 /* Debug */ = {
			isa = XCBuildConfiguration;
			buildSettings = {
				ALWAYS_SEARCH_USER_PATHS = NO;
				ASSETCATALOG_COMPILER_GENERATE_SWIFT_ASSET_SYMBOL_EXTENSIONS = YES;
				CLANG_ANALYZER_NONNULL = YES;
				CLANG_ANALYZER_NUMBER_OBJECT_CONVERSION = YES_AGGRESSIVE;
				CLANG_CXX_LANGUAGE_STANDARD = "gnu++20";
				CLANG_ENABLE_MODULES = YES;
				CLANG_ENABLE_OBJC_ARC = YES;
				CLANG_ENABLE_OBJC_WEAK = YES;
				CLANG_WARN_BLOCK_CAPTURE_AUTORELEASING = YES;
				CLANG_WARN_BOOL_CONVERSION = YES;
				CLANG_WARN_COMMA = YES;
				CLANG_WARN_CONSTANT_CONVERSION = YES;
				CLANG_WARN_DEPRECATED_OBJC_IMPLEMENTATIONS = YES;
				CLANG_WARN_DIRECT_OBJC_ISA_USAGE = YES_ERROR;
				CLANG_WARN_DOCUMENTATION_COMMENTS = YES;
				CLANG_WARN_EMPTY_BODY = YES;
				CLANG_WARN_ENUM_CONVERSION = YES;
				CLANG_WARN_INFINITE_RECURSION = YES;
				CLANG_WARN_INT_CONVERSION = YES;
				CLANG_WARN_NON_LITERAL_NULL_CONVERSION = YES;
				CLANG_WARN_OBJC_IMPLICIT_RETAIN_SELF = YES;
				CLANG_WARN_OBJC_LITERAL_CONVERSION = YES;
				CLANG_WARN_OBJC_ROOT_CLASS = YES_ERROR;
				CLANG_WARN_QUOTED_INCLUDE_IN_FRAMEWORK_HEADER = YES;
				CLANG_WARN_RANGE_LOOP_ANALYSIS = YES;
				CLANG_WARN_STRICT_PROTOTYPES = YES;
				CLANG_WARN_SUSPICIOUS_MOVE = YES;
				CLANG_WARN_UNGUARDED_AVAILABILITY = YES_AGGRESSIVE;
				CLANG_WARN_UNREACHABLE_CODE = YES;
				CLANG_WARN__DUPLICATE_METHOD_MATCH = YES;
				COPY_PHASE_STRIP = NO;
				DEBUG_INFORMATION_FORMAT = dwarf;
				DEVELOPMENT_TEAM = GRW2UH3V3M;
				ENABLE_STRICT_OBJC_MSGSEND = YES;
				ENABLE_TESTABILITY = YES;
				ENABLE_USER_SCRIPT_SANDBOXING = YES;
				GCC_C_LANGUAGE_STANDARD = gnu17;
				GCC_DYNAMIC_NO_PIC = NO;
				GCC_NO_COMMON_BLOCKS = YES;
				GCC_OPTIMIZATION_LEVEL = 0;
				GCC_PREPROCESSOR_DEFINITIONS = (
					"DEBUG=1",
					"$(inherited)",
				);
				GCC_WARN_64_TO_32_BIT_CONVERSION = YES;
				GCC_WARN_ABOUT_RETURN_TYPE = YES_ERROR;
				GCC_WARN_UNDECLARED_SELECTOR = YES;
				GCC_WARN_UNINITIALIZED_AUTOS = YES_AGGRESSIVE;
				GCC_WARN_UNUSED_FUNCTION = YES;
				GCC_WARN_UNUSED_VARIABLE = YES;
				IPHONEOS_DEPLOYMENT_TARGET = 18.5;
				LOCALIZATION_PREFERS_STRING_CATALOGS = YES;
				MTL_ENABLE_DEBUG_INFO = INCLUDE_SOURCE;
				MTL_FAST_MATH = YES;
				ONLY_ACTIVE_ARCH = YES;
				SDKROOT = iphoneos;
				SWIFT_ACTIVE_COMPILATION_CONDITIONS = "DEBUG $(inherited)";
				SWIFT_OPTIMIZATION_LEVEL = "-Onone";
			};
			name = Debug;
		};
		D5A4F6022DFA02A200974FF8 /* Release */ = {
			isa = XCBuildConfiguration;
			buildSettings = {
				ALWAYS_SEARCH_USER_PATHS = NO;
				ASSETCATALOG_COMPILER_GENERATE_SWIFT_ASSET_SYMBOL_EXTENSIONS = YES;
				CLANG_ANALYZER_NONNULL = YES;
				CLANG_ANALYZER_NUMBER_OBJECT_CONVERSION = YES_AGGRESSIVE;
				CLANG_CXX_LANGUAGE_STANDARD = "gnu++20";
				CLANG_ENABLE_MODULES = YES;
				CLANG_ENABLE_OBJC_ARC = YES;
				CLANG_ENABLE_OBJC_WEAK = YES;
				CLANG_WARN_BLOCK_CAPTURE_AUTORELEASING = YES;
				CLANG_WARN_BOOL_CONVERSION = YES;
				CLANG_WARN_COMMA = YES;
				CLANG_WARN_CONSTANT_CONVERSION = YES;
				CLANG_WARN_DEPRECATED_OBJC_IMPLEMENTATIONS = YES;
				CLANG_WARN_DIRECT_OBJC_ISA_USAGE = YES_ERROR;
				CLANG_WARN_DOCUMENTATION_COMMENTS = YES;
				CLANG_WARN_EMPTY_BODY = YES;
				CLANG_WARN_ENUM_CONVERSION = YES;
				CLANG_WARN_INFINITE_RECURSION = YES;
				CLANG_WARN_INT_CONVERSION = YES;
				CLANG_WARN_NON_LITERAL_NULL_CONVERSION = YES;
				CLANG_WARN_OBJC_IMPLICIT_RETAIN_SELF = YES;
				CLANG_WARN_OBJC_LITERAL_CONVERSION = YES;
				CLANG_WARN_OBJC_ROOT_CLASS = YES_ERROR;
				CLANG_WARN_QUOTED_INCLUDE_IN_FRAMEWORK_HEADER = YES;
				CLANG_WARN_RANGE_LOOP_ANALYSIS = YES;
				CLANG_WARN_STRICT_PROTOTYPES = YES;
				CLANG_WARN_SUSPICIOUS_MOVE = YES;
				CLANG_WARN_UNGUARDED_AVAILABILITY = YES_AGGRESSIVE;
				CLANG_WARN_UNREACHABLE_CODE = YES;
				CLANG_WARN__DUPLICATE_METHOD_MATCH = YES;
				COPY_PHASE_STRIP = NO;
				DEBUG_INFORMATION_FORMAT = "dwarf-with-dsym";
				DEVELOPMENT_TEAM = GRW2UH3V3M;
				ENABLE_NS_ASSERTIONS = NO;
				ENABLE_STRICT_OBJC_MSGSEND = YES;
				ENABLE_USER_SCRIPT_SANDBOXING = YES;
				GCC_C_LANGUAGE_STANDARD = gnu17;
				GCC_NO_COMMON_BLOCKS = YES;
				GCC_WARN_64_TO_32_BIT_CONVERSION = YES;
				GCC_WARN_ABOUT_RETURN_TYPE = YES_ERROR;
				GCC_WARN_UNDECLARED_SELECTOR = YES;
				GCC_WARN_UNINITIALIZED_AUTOS = YES_AGGRESSIVE;
				GCC_WARN_UNUSED_FUNCTION = YES;
				GCC_WARN_UNUSED_VARIABLE = YES;
				IPHONEOS_DEPLOYMENT_TARGET = 18.5;
				LOCALIZATION_PREFERS_STRING_CATALOGS = YES;
				MTL_ENABLE_DEBUG_INFO = NO;
				MTL_FAST_MATH = YES;
				SDKROOT = iphoneos;
				SWIFT_COMPILATION_MODE = wholemodule;
				VALIDATE_PRODUCT = YES;
			};
			name = Release;
		};
		D5A4F6042DFA02A200974FF8 /* Debug */ = {
			isa = XCBuildConfiguration;
			buildSettings = {
				ASSETCATALOG_COMPILER_APPICON_NAME = AppIcon;
				ASSETCATALOG_COMPILER_GLOBAL_ACCENT_COLOR_NAME = AccentColor;
				CODE_SIGN_STYLE = Automatic;
				CURRENT_PROJECT_VERSION = 1;
				DEVELOPMENT_TEAM = GRW2UH3V3M;
				ENABLE_PREVIEWS = YES;
				GENERATE_INFOPLIST_FILE = YES;
				INFOPLIST_KEY_UIApplicationSceneManifest_Generation = YES;
				INFOPLIST_KEY_UIApplicationSupportsIndirectInputEvents = YES;
				INFOPLIST_KEY_UILaunchScreen_Generation = YES;
				INFOPLIST_KEY_UISupportedInterfaceOrientations_iPad = "UIInterfaceOrientationPortrait UIInterfaceOrientationPortraitUpsideDown UIInterfaceOrientationLandscapeLeft UIInterfaceOrientationLandscapeRight";
				INFOPLIST_KEY_UISupportedInterfaceOrientations_iPhone = "UIInterfaceOrientationPortrait UIInterfaceOrientationLandscapeLeft UIInterfaceOrientationLandscapeRight";
				LD_RUNPATH_SEARCH_PATHS = (
					"$(inherited)",
					"@executable_path/Frameworks",
				);
				MARKETING_VERSION = 1.0;
				PRODUCT_BUNDLE_IDENTIFIER = com.rojas.DoggoGallery;
				PRODUCT_NAME = "$(TARGET_NAME)";
				SWIFT_EMIT_LOC_STRINGS = YES;
				SWIFT_VERSION = 5.0;
				TARGETED_DEVICE_FAMILY = "1,2";
			};
			name = Debug;
		};
		D5A4F6052DFA02A200974FF8 /* Release */ = {
			isa = XCBuildConfiguration;
			buildSettings = {
				ASSETCATALOG_COMPILER_APPICON_NAME = AppIcon;
				ASSETCATALOG_COMPILER_GLOBAL_ACCENT_COLOR_NAME = AccentColor;
				CODE_SIGN_STYLE = Automatic;
				CURRENT_PROJECT_VERSION = 1;
				DEVELOPMENT_TEAM = GRW2UH3V3M;
				ENABLE_PREVIEWS = YES;
				GENERATE_INFOPLIST_FILE = YES;
				INFOPLIST_KEY_UIApplicationSceneManifest_Generation = YES;
				INFOPLIST_KEY_UIApplicationSupportsIndirectInputEvents = YES;
				INFOPLIST_KEY_UILaunchScreen_Generation = YES;
				INFOPLIST_KEY_UISupportedInterfaceOrientations_iPad = "UIInterfaceOrientationPortrait UIInterfaceOrientationPortraitUpsideDown UIInterfaceOrientationLandscapeLeft UIInterfaceOrientationLandscapeRight";
				INFOPLIST_KEY_UISupportedInterfaceOrientations_iPhone = "UIInterfaceOrientationPortrait UIInterfaceOrientationLandscapeLeft UIInterfaceOrientationLandscapeRight";
				LD_RUNPATH_SEARCH_PATHS = (
					"$(inherited)",
					"@executable_path/Frameworks",
				);
				MARKETING_VERSION = 1.0;
				PRODUCT_BUNDLE_IDENTIFIER = com.rojas.DoggoGallery;
				PRODUCT_NAME = "$(TARGET_NAME)";
				SWIFT_EMIT_LOC_STRINGS = YES;
				SWIFT_VERSION = 5.0;
				TARGETED_DEVICE_FAMILY = "1,2";
			};
			name = Release;
		};
		D5A4F6072DFA02A200974FF8 /* Debug */ = {
			isa = XCBuildConfiguration;
			buildSettings = {
				BUNDLE_LOADER = "$(TEST_HOST)";
				CODE_SIGN_STYLE = Automatic;
				CURRENT_PROJECT_VERSION = 1;
				DEVELOPMENT_TEAM = GRW2UH3V3M;
				GENERATE_INFOPLIST_FILE = YES;
				IPHONEOS_DEPLOYMENT_TARGET = 18.5;
				MARKETING_VERSION = 1.0;
				PRODUCT_BUNDLE_IDENTIFIER = com.rojas.DoggoGalleryTests;
				PRODUCT_NAME = "$(TARGET_NAME)";
				SWIFT_EMIT_LOC_STRINGS = NO;
				SWIFT_VERSION = 5.0;
				TARGETED_DEVICE_FAMILY = "1,2";
				TEST_HOST = "$(BUILT_PRODUCTS_DIR)/DoggoGallery.app/$(BUNDLE_EXECUTABLE_FOLDER_PATH)/DoggoGallery";
			};
			name = Debug;
		};
		D5A4F6082DFA02A200974FF8 /* Release */ = {
			isa = XCBuildConfiguration;
			buildSettings = {
				BUNDLE_LOADER = "$(TEST_HOST)";
				CODE_SIGN_STYLE = Automatic;
				CURRENT_PROJECT_VERSION = 1;
				DEVELOPMENT_TEAM = GRW2UH3V3M;
				GENERATE_INFOPLIST_FILE = YES;
				IPHONEOS_DEPLOYMENT_TARGET = 18.5;
				MARKETING_VERSION = 1.0;
				PRODUCT_BUNDLE_IDENTIFIER = com.rojas.DoggoGalleryTests;
				PRODUCT_NAME = "$(TARGET_NAME)";
				SWIFT_EMIT_LOC_STRINGS = NO;
				SWIFT_VERSION = 5.0;
				TARGETED_DEVICE_FAMILY = "1,2";
				TEST_HOST = "$(BUILT_PRODUCTS_DIR)/DoggoGallery.app/$(BUNDLE_EXECUTABLE_FOLDER_PATH)/DoggoGallery";
			};
			name = Release;
		};
		D5A4F60A2DFA02A200974FF8 /* Debug */ = {
			isa = XCBuildConfiguration;
			buildSettings = {
				CODE_SIGN_STYLE = Automatic;
				CURRENT_PROJECT_VERSION = 1;
				DEVELOPMENT_TEAM = GRW2UH3V3M;
				GENERATE_INFOPLIST_FILE = YES;
				MARKETING_VERSION = 1.0;
				PRODUCT_BUNDLE_IDENTIFIER = com.rojas.DoggoGalleryUITests;
				PRODUCT_NAME = "$(TARGET_NAME)";
				SWIFT_EMIT_LOC_STRINGS = NO;
				SWIFT_VERSION = 5.0;
				TARGETED_DEVICE_FAMILY = "1,2";
				TEST_TARGET_NAME = DoggoGallery;
			};
			name = Debug;
		};
		D5A4F60B2DFA02A200974FF8 /* Release */ = {
			isa = XCBuildConfiguration;
			buildSettings = {
				CODE_SIGN_STYLE = Automatic;
				CURRENT_PROJECT_VERSION = 1;
				DEVELOPMENT_TEAM = GRW2UH3V3M;
				GENERATE_INFOPLIST_FILE = YES;
				MARKETING_VERSION = 1.0;
				PRODUCT_BUNDLE_IDENTIFIER = com.rojas.DoggoGalleryUITests;
				PRODUCT_NAME = "$(TARGET_NAME)";
				SWIFT_EMIT_LOC_STRINGS = NO;
				SWIFT_VERSION = 5.0;
				TARGETED_DEVICE_FAMILY = "1,2";
				TEST_TARGET_NAME = DoggoGallery;
			};
			name = Release;
		};
/* End XCBuildConfiguration section */

/* Begin XCConfigurationList section */
		D5A4F5D82DFA02A100974FF8 /* Build configuration list for PBXProject "DoggoGallery" */ = {
			isa = XCConfigurationList;
			buildConfigurations = (
				D5A4F6012DFA02A200974FF8 /* Debug */,
				D5A4F6022DFA02A200974FF8 /* Release */,
			);
			defaultConfigurationIsVisible = 0;
			defaultConfigurationName = Release;
		};
		D5A4F6032DFA02A200974FF8 /* Build configuration list for PBXNativeTarget "DoggoGallery" */ = {
			isa = XCConfigurationList;
			buildConfigurations = (
				D5A4F6042DFA02A200974FF8 /* Debug */,
				D5A4F6052DFA02A200974FF8 /* Release */,
			);
			defaultConfigurationIsVisible = 0;
			defaultConfigurationName = Release;
		};
		D5A4F6062DFA02A200974FF8 /* Build configuration list for PBXNativeTarget "DoggoGalleryTests" */ = {
			isa = XCConfigurationList;
			buildConfigurations = (
				D5A4F6072DFA02A200974FF8 /* Debug */,
				D5A4F6082DFA02A200974FF8 /* Release */,
			);
			defaultConfigurationIsVisible = 0;
			defaultConfigurationName = Release;
		};
		D5A4F6092DFA02A200974FF8 /* Build configuration list for PBXNativeTarget "DoggoGalleryUITests" */ = {
			isa = XCConfigurationList;
			buildConfigurations = (
				D5A4F60A2DFA02A200974FF8 /* Debug */,
				D5A4F60B2DFA02A200974FF8 /* Release */,
			);
			defaultConfigurationIsVisible = 0;
			defaultConfigurationName = Release;
		};
/* End XCConfigurationList section */
	};
	rootObject = D5A4F5D52DFA02A100974FF8 /* Project object */;
}
